
Microsoft Visual Studio Solution File, Format Version 12.00
Project("{FAE04EC0-301F-11D3-BF4B-00C04F79EFBC}") = "tic-tac-toe", "tic-tac-toe\tic-tac-toe.csproj", "{AD399204-E22B-49AF-91FF-29F3E8485822}"
EndProject
Global
	GlobalSection(SolutionConfigurationPlatforms) = preSolution
		Debug|Any CPU = Debug|Any CPU
		Release|Any CPU = Release|Any CPU
	EndGlobalSection
	GlobalSection(ProjectConfigurationPlatforms) = postSolution
		{AD399204-E22B-49AF-91FF-29F3E8485822}.Debug|Any CPU.ActiveCfg = Debug|Any CPU
		{AD399204-E22B-49AF-91FF-29F3E8485822}.Debug|Any CPU.Build.0 = Debug|Any CPU
		{AD399204-E22B-49AF-91FF-29F3E8485822}.Release|Any CPU.ActiveCfg = Release|Any CPU
		{AD399204-E22B-49AF-91FF-29F3E8485822}.Release|Any CPU.Build.0 = Release|Any CPU
	EndGlobalSection
EndGlobal
